{
    "version": "0.5",
    "requires": [
        "zstd/1.5.5#1f239731dc45147c7fc2f54bfbde73df%1715599909.17",
        "zlib/1.3.1#f52e03ae3d251dec704634230cd806a2%1708593606.497",
        "xz_utils/5.4.5#51e5a6e6564f4ea3afd79def01f035ad%1712043875.075",
        "sqlite3/3.45.3#1b6b291b7d3730cef1f0264370964d2c%1713284696.884",
        "openssl/3.3.2#9f9f130d58e7c13e76bb8a559f0a6a8b%1726234629.657",
        "libwebp/1.3.2#52f69c4a31c5cf033fdd9230d77a8e38%1694806992.059",
        "libtiff/4.6.0#51d0e7e15d032aeec1b64e65c44ecd9f%1710002558.618",
        "libjpeg/9e#ebca87d1efc798db99cc9bbe2297679a%1723665906.622",
        "libdeflate/1.19#3ea74a4549efc14d4b1202dc4bfbf602%1694914376.803",
        "libcurl/8.6.0#58d6a37391c98897d7a6679895f80b9d%1726198017.568",
        "jbig/20160605#2d29fa02aacd76902e0d2cbbc24631ef%1676066289.194"
    ],
    "build_requires": [
        "strawberryperl/5.32.1.1#8f83d05a60363a422f9033e52d106b47%1666134191.176",
        "sqlite3/3.46.1#3af96a6e95bb5a1c183ca6ead71592cc%1723564969.643",
        "pkgconf/2.1.0#27f44583701117b571307cf5b5fe5605%1701537936.436",
        "ninja/1.11.1#77587f8c8318662ac8e5a7867eb4be21%1684431244.21",
        "nasm/2.16.01#d0aebbd20ccbb6ad9c9c753ab708098c%1703986473.394",
        "meson/1.2.2#04bdfb85d665c82b08a3510aee3ffd19%1702568761.764",
        "m4/1.4.19#b38ced39a01e31fef5435bc634461fd2%1700758725.451",
        "libtool/2.4.7#08316dad5c72c541ed21e039e4cf217b%1702300906.107",
        "gnu-config/cci.20210814#dc430d754f465e8c74463019672fb97b%1701248168.479",
        "cmake/3.29.2#2b84343440461e8c5952c034d896fb67%1713311246.014",
        "automake/1.16.5#058bda3e21c36c9aa8425daf3c1faf50%1688481772.751",
        "autoconf/2.71#f9307992909d7fb3df459340f1932809%1711983104.648"
    ],
    "python_requires": [],
    "config_requires": []
}